
Microsoft Visual Studio Solution File, Format Version 12.00
# Visual Studio Version 16
VisualStudioVersion = 25.0.1706.11
MinimumVisualStudioVersion = 10.0.40219.1
Project("{FAE04EC0-301F-11D3-BF4B-00C04F79EFBC}") = "WorkSpace - Managment", "WorkSpace - Managment\WorkSpace - Managment.csproj", "{BBCBECB7-72F1-4F68-A0BC-A3420BE5F3B0}"
EndProject
Global
	GlobalSection(SolutionConfigurationPlatforms) = preSolution
		Debug|Any CPU = Debug|Any CPU
		Release|Any CPU = Release|Any CPU
	EndGlobalSection
	GlobalSection(ProjectConfigurationPlatforms) = postSolution
		{BBCBECB7-72F1-4F68-A0BC-A3420BE5F3B0}.Debug|Any CPU.ActiveCfg = Debug|Any CPU
		{BBCBECB7-72F1-4F68-A0BC-A3420BE5F3B0}.Debug|Any CPU.Build.0 = Debug|Any CPU
		{BBCBECB7-72F1-4F68-A0BC-A3420BE5F3B0}.Release|Any CPU.ActiveCfg = Release|Any CPU
		{BBCBECB7-72F1-4F68-A0BC-A3420BE5F3B0}.Release|Any CPU.Build.0 = Release|Any CPU
	EndGlobalSection
	GlobalSection(SolutionProperties) = preSolution
		HideSolutionNode = FALSE
	EndGlobalSection
	GlobalSection(ExtensibilityGlobals) = postSolution
		SolutionGuid = {7E8611DB-CB98-4AA7-8793-815A1A291154}
	EndGlobalSection
EndGlobal
